lockfileVersion: '6.0'

devDependencies:
  prisma:
    specifier: 4.12.0
    version: 4.12.0

packages:

  /@prisma/engines@4.12.0:
    resolution: {integrity: sha512-0alKtnxhNB5hYU+ymESBlGI4b9XrGGSdv7Ud+8TE/fBNOEhIud0XQsAR+TrvUZgS4na5czubiMsODw0TUrgkIA==}
    requiresBuild: true
    dev: true

  /prisma@4.12.0:
    resolution: {integrity: sha512-xqVper4mbwl32BWzLpdznHAYvYDWQQWK2tBfXjdUD397XaveRyAP7SkBZ6kFlIg8kKayF4hvuaVtYwXd9BodAg==}
    engines: {node: '>=14.17'}
    hasBin: true
    requiresBuild: true
    dependencies:
      '@prisma/engines': 4.12.0
    dev: true
